
Microsoft Visual Studio Solution File, Format Version 12.00
# Visual Studio Version 17
VisualStudioVersion = 17.0.31903.59
MinimumVisualStudioVersion = 10.0.40219.1
Project("{9A19103F-16F7-4668-BE54-9A1E7A4F7556}") = "ClayTestCase.API", "ClayTestCase\ClayTestCase.API.csproj", "{1EB37B93-69D0-4C7C-A3DA-91057DCA483A}"
EndProject
Project("{9A19103F-16F7-4668-BE54-9A1E7A4F7556}") = "ClayTestCase.Core", "ClayTestCase.Core\ClayTestCase.Core.csproj", "{3829C560-575F-427C-AA00-10654628C23B}"
EndProject
Project("{9A19103F-16F7-4668-BE54-9A1E7A4F7556}") = "ClayTestCase.Infrastructure", "ClayTestCase.Infrastructure\ClayTestCase.Infrastructure.csproj", "{B99D6092-75EA-4B95-B3F9-537348D249CF}"
EndProject
Project("{9A19103F-16F7-4668-BE54-9A1E7A4F7556}") = "ClayTestCase.Test", "ClayTestCase.Test\ClayTestCase.Test.csproj", "{F68C3F22-D816-4EA2-AA6A-FF4C79F1F033}"
EndProject
Global
	GlobalSection(SolutionConfigurationPlatforms) = preSolution
		Debug|Any CPU = Debug|Any CPU
		Debug|x64 = Debug|x64
		Debug|x86 = Debug|x86
		Release|Any CPU = Release|Any CPU
		Release|x64 = Release|x64
		Release|x86 = Release|x86
	EndGlobalSection
	GlobalSection(ProjectConfigurationPlatforms) = postSolution
		{1EB37B93-69D0-4C7C-A3DA-91057DCA483A}.Debug|Any CPU.ActiveCfg = Debug|Any CPU
		{1EB37B93-69D0-4C7C-A3DA-91057DCA483A}.Debug|Any CPU.Build.0 = Debug|Any CPU
		{1EB37B93-69D0-4C7C-A3DA-91057DCA483A}.Debug|x64.ActiveCfg = Debug|x64
		{1EB37B93-69D0-4C7C-A3DA-91057DCA483A}.Debug|x64.Build.0 = Debug|x64
		{1EB37B93-69D0-4C7C-A3DA-91057DCA483A}.Debug|x86.ActiveCfg = Debug|x86
		{1EB37B93-69D0-4C7C-A3DA-91057DCA483A}.Debug|x86.Build.0 = Debug|x86
		{1EB37B93-69D0-4C7C-A3DA-91057DCA483A}.Release|Any CPU.ActiveCfg = Release|Any CPU
		{1EB37B93-69D0-4C7C-A3DA-91057DCA483A}.Release|Any CPU.Build.0 = Release|Any CPU
		{1EB37B93-69D0-4C7C-A3DA-91057DCA483A}.Release|x64.ActiveCfg = Release|x64
		{1EB37B93-69D0-4C7C-A3DA-91057DCA483A}.Release|x64.Build.0 = Release|x64
		{1EB37B93-69D0-4C7C-A3DA-91057DCA483A}.Release|x86.ActiveCfg = Release|x86
		{1EB37B93-69D0-4C7C-A3DA-91057DCA483A}.Release|x86.Build.0 = Release|x86
		{3829C560-575F-427C-AA00-10654628C23B}.Debug|Any CPU.ActiveCfg = Debug|Any CPU
		{3829C560-575F-427C-AA00-10654628C23B}.Debug|Any CPU.Build.0 = Debug|Any CPU
		{3829C560-575F-427C-AA00-10654628C23B}.Debug|x64.ActiveCfg = Debug|x64
		{3829C560-575F-427C-AA00-10654628C23B}.Debug|x64.Build.0 = Debug|x64
		{3829C560-575F-427C-AA00-10654628C23B}.Debug|x86.ActiveCfg = Debug|x86
		{3829C560-575F-427C-AA00-10654628C23B}.Debug|x86.Build.0 = Debug|x86
		{3829C560-575F-427C-AA00-10654628C23B}.Release|Any CPU.ActiveCfg = Release|Any CPU
		{3829C560-575F-427C-AA00-10654628C23B}.Release|Any CPU.Build.0 = Release|Any CPU
		{3829C560-575F-427C-AA00-10654628C23B}.Release|x64.ActiveCfg = Release|x64
		{3829C560-575F-427C-AA00-10654628C23B}.Release|x64.Build.0 = Release|x64
		{3829C560-575F-427C-AA00-10654628C23B}.Release|x86.ActiveCfg = Release|x86
		{3829C560-575F-427C-AA00-10654628C23B}.Release|x86.Build.0 = Release|x86
		{B99D6092-75EA-4B95-B3F9-537348D249CF}.Debug|Any CPU.ActiveCfg = Debug|Any CPU
		{B99D6092-75EA-4B95-B3F9-537348D249CF}.Debug|Any CPU.Build.0 = Debug|Any CPU
		{B99D6092-75EA-4B95-B3F9-537348D249CF}.Debug|x64.ActiveCfg = Debug|x64
		{B99D6092-75EA-4B95-B3F9-537348D249CF}.Debug|x64.Build.0 = Debug|x64
		{B99D6092-75EA-4B95-B3F9-537348D249CF}.Debug|x86.ActiveCfg = Debug|x86
		{B99D6092-75EA-4B95-B3F9-537348D249CF}.Debug|x86.Build.0 = Debug|x86
		{B99D6092-75EA-4B95-B3F9-537348D249CF}.Release|Any CPU.ActiveCfg = Release|Any CPU
		{B99D6092-75EA-4B95-B3F9-537348D249CF}.Release|Any CPU.Build.0 = Release|Any CPU
		{B99D6092-75EA-4B95-B3F9-537348D249CF}.Release|x64.ActiveCfg = Release|x64
		{B99D6092-75EA-4B95-B3F9-537348D249CF}.Release|x64.Build.0 = Release|x64
		{B99D6092-75EA-4B95-B3F9-537348D249CF}.Release|x86.ActiveCfg = Release|x86
		{B99D6092-75EA-4B95-B3F9-537348D249CF}.Release|x86.Build.0 = Release|x86
		{F68C3F22-D816-4EA2-AA6A-FF4C79F1F033}.Debug|Any CPU.ActiveCfg = Debug|Any CPU
		{F68C3F22-D816-4EA2-AA6A-FF4C79F1F033}.Debug|Any CPU.Build.0 = Debug|Any CPU
		{F68C3F22-D816-4EA2-AA6A-FF4C79F1F033}.Debug|x64.ActiveCfg = Debug|x64
		{F68C3F22-D816-4EA2-AA6A-FF4C79F1F033}.Debug|x64.Build.0 = Debug|x64
		{F68C3F22-D816-4EA2-AA6A-FF4C79F1F033}.Debug|x86.ActiveCfg = Debug|x86
		{F68C3F22-D816-4EA2-AA6A-FF4C79F1F033}.Debug|x86.Build.0 = Debug|x86
		{F68C3F22-D816-4EA2-AA6A-FF4C79F1F033}.Release|Any CPU.ActiveCfg = Release|Any CPU
		{F68C3F22-D816-4EA2-AA6A-FF4C79F1F033}.Release|Any CPU.Build.0 = Release|Any CPU
		{F68C3F22-D816-4EA2-AA6A-FF4C79F1F033}.Release|x64.ActiveCfg = Release|x64
		{F68C3F22-D816-4EA2-AA6A-FF4C79F1F033}.Release|x64.Build.0 = Release|x64
		{F68C3F22-D816-4EA2-AA6A-FF4C79F1F033}.Release|x86.ActiveCfg = Release|x86
		{F68C3F22-D816-4EA2-AA6A-FF4C79F1F033}.Release|x86.Build.0 = Release|x86
	EndGlobalSection
	GlobalSection(SolutionProperties) = preSolution
		HideSolutionNode = FALSE
	EndGlobalSection
	GlobalSection(ExtensibilityGlobals) = postSolution
		SolutionGuid = {AF46752D-D2CA-4199-A7E7-ED6756E508A6}
	EndGlobalSection
EndGlobal
